schema: '2.0'
stages:
  fetch_raw:
    cmd: python -m src.fetch_data
    deps:
    - path: src/fetch_data.py
      hash: md5
      md5: 965a0a2583c7004a30f2b4b3f18c4436
      size: 681
    outs:
    - path: data/raw/insurance_dataset.csv
      hash: md5
      md5: 8883030773f85f4adcce5f71d7174eb0
      size: 638157
  prepare:
    cmd: python -m src.prepare --params params.yaml
    deps:
    - path: data/raw/insurance_dataset.csv
      hash: md5
      md5: 8883030773f85f4adcce5f71d7174eb0
      size: 638157
    - path: params.yaml
      hash: md5
      md5: 7f781153a8b1f8a3d0f6f78289aaeff9
      size: 521
    - path: src/prepare.py
      hash: md5
      md5: 4fac557e0d5b81206635e7d37caca6dd
      size: 2911
    outs:
    - path: data/processed/X_test.csv
      hash: md5
      md5: b5b152497becd695137c627e6ff4f109
      size: 158673
    - path: data/processed/X_train.csv
      hash: md5
      md5: bd99acf39e99c24a74f99d0b62cad5be
      size: 634119
    - path: data/processed/schema.json
      hash: md5
      md5: 085c3ae138217ad7b899b4a0adea39ab
      size: 442
    - path: data/processed/y_test.csv
      hash: md5
      md5: 1056fdb24d2c7d46b23482bae7ed2f69
      size: 18401
    - path: data/processed/y_train.csv
      hash: md5
      md5: 1a3d02edac86f5eb75be102cf51b7b15
      size: 73449
  train:
    cmd: python -m src.train --params params.yaml
    deps:
    - path: data/processed/X_train.csv
      hash: md5
      md5: bd99acf39e99c24a74f99d0b62cad5be
      size: 634119
    - path: data/processed/y_train.csv
      hash: md5
      md5: 1a3d02edac86f5eb75be102cf51b7b15
      size: 73449
    - path: params.yaml
      hash: md5
      md5: 7f781153a8b1f8a3d0f6f78289aaeff9
      size: 521
    - path: src/train.py
      hash: md5
      md5: 5f8a6ce71569abbb911c2092016711a0
      size: 2515
    outs:
    - path: models/feature_names.json
      hash: md5
      md5: 25798c26f3ab70f184f31db920f5057a
      size: 205
    - path: models/model.joblib
      hash: md5
      md5: a725a372ac708b580af223736454a13f
      size: 24283217
  evaluate:
    cmd: python -m src.evaluate --params params.yaml
    deps:
    - path: data/processed/X_test.csv
      hash: md5
      md5: b5b152497becd695137c627e6ff4f109
      size: 158673
    - path: data/processed/y_test.csv
      hash: md5
      md5: 1056fdb24d2c7d46b23482bae7ed2f69
      size: 18401
    - path: models/model.joblib
      hash: md5
      md5: a725a372ac708b580af223736454a13f
      size: 24283217
    - path: params.yaml
      hash: md5
      md5: 7f781153a8b1f8a3d0f6f78289aaeff9
      size: 521
    - path: src/evaluate.py
      hash: md5
      md5: 6e9d9351c08d0a0dafb6f07bb9faee40
      size: 5172
    outs:
    - path: reports/feature_importance.csv
      hash: md5
      md5: 8584cbd6116c47390f982b612f619634
      size: 371
    - path: reports/metrics.json
      hash: md5
      md5: e90d078a246fc2082efdb024917425b5
      size: 190
